// !$*UTF8*$!
{
	archiveVersion = 1;
	classes = {
	};
	objectVersion = 50;
	objects = {

/* Begin PBXBuildFile section */
		96E4631D2447599600DE163A /* AppDelegate.swift in Sources */ = {isa = PBXBuildFile; fileRef = 96E4631C2447599600DE163A /* AppDelegate.swift */; };
		96E4631F2447599600DE163A /* SceneDelegate.swift in Sources */ = {isa = PBXBuildFile; fileRef = 96E4631E2447599600DE163A /* SceneDelegate.swift */; };
		96E463212447599600DE163A /* ContentView.swift in Sources */ = {isa = PBXBuildFile; fileRef = 96E463202447599600DE163A /* ContentView.swift */; };
		96E463232447599800DE163A /* Assets.xcassets in Resources */ = {isa = PBXBuildFile; fileRef = 96E463222447599800DE163A /* Assets.xcassets */; };
		96E463262447599800DE163A /* Preview Assets.xcassets in Resources */ = {isa = PBXBuildFile; fileRef = 96E463252447599800DE163A /* Preview Assets.xcassets */; };
		96E463292447599800DE163A /* LaunchScreen.storyboard in Resources */ = {isa = PBXBuildFile; fileRef = 96E463272447599800DE163A /* LaunchScreen.storyboard */; };
		96E463342447599800DE163A /* DesignCodeTests.swift in Sources */ = {isa = PBXBuildFile; fileRef = 96E463332447599800DE163A /* DesignCodeTests.swift */; };
		96E4633F2447599900DE163A /* DesignCodeUITests.swift in Sources */ = {isa = PBXBuildFile; fileRef = 96E4633E2447599900DE163A /* DesignCodeUITests.swift */; };
/* End PBXBuildFile section */

/* Begin PBXContainerItemProxy section */
		96E463302447599800DE163A /* PBXContainerItemProxy */ = {
			isa = PBXContainerItemProxy;
			containerPortal = 96E463112447599600DE163A /* Project object */;
			proxyType = 1;
			remoteGlobalIDString = 96E463182447599600DE163A;
			remoteInfo = DesignCode;
		};
		96E4633B2447599900DE163A /* PBXContainerItemProxy */ = {
			isa = PBXContainerItemProxy;
			containerPortal = 96E463112447599600DE163A /* Project object */;
			proxyType = 1;
			remoteGlobalIDString = 96E463182447599600DE163A;
			remoteInfo = DesignCode;
		};
/* End PBXContainerItemProxy section */

/* Begin PBXFileReference section */
		96E463192447599600DE163A /* DesignCode.app */ = {isa = PBXFileReference; explicitFileType = wrapper.application; includeInIndex = 0; path = DesignCode.app; sourceTree = BUILT_PRODUCTS_DIR; };
		96E4631C2447599600DE163A /* AppDelegate.swift */ = {isa = PBXFileReference; lastKnownFileType = sourcecode.swift; path = AppDelegate.swift; sourceTree = "<group>"; };
		96E4631E2447599600DE163A /* SceneDelegate.swift */ = {isa = PBXFileReference; lastKnownFileType = sourcecode.swift; path = SceneDelegate.swift; sourceTree = "<group>"; };
		96E463202447599600DE163A /* ContentView.swift */ = {isa = PBXFileReference; lastKnownFileType = sourcecode.swift; path = ContentView.swift; sourceTree = "<group>"; };
		96E463222447599800DE163A /* Assets.xcassets */ = {isa = PBXFileReference; lastKnownFileType = folder.assetcatalog; path = Assets.xcassets; sourceTree = "<group>"; };
		96E463252447599800DE163A /* Preview Assets.xcassets */ = {isa = PBXFileReference; lastKnownFileType = folder.assetcatalog; path = "Preview Assets.xcassets"; sourceTree = "<group>"; };
		96E463282447599800DE163A /* Base */ = {isa = PBXFileReference; lastKnownFileType = file.storyboard; name = Base; path = Base.lproj/LaunchScreen.storyboard; sourceTree = "<group>"; };
		96E4632A2447599800DE163A /* Info.plist */ = {isa = PBXFileReference; lastKnownFileType = text.plist.xml; path = Info.plist; sourceTree = "<group>"; };
		96E4632F2447599800DE163A /* DesignCodeTests.xctest */ = {isa = PBXFileReference; explicitFileType = wrapper.cfbundle; includeInIndex = 0; path = DesignCodeTests.xctest; sourceTree = BUILT_PRODUCTS_DIR; };
		96E463332447599800DE163A /* DesignCodeTests.swift */ = {isa = PBXFileReference; lastKnownFileType = sourcecode.swift; path = DesignCodeTests.swift; sourceTree = "<group>"; };
		96E463352447599800DE163A /* Info.plist */ = {isa = PBXFileReference; lastKnownFileType = text.plist.xml; path = Info.plist; sourceTree = "<group>"; };
		96E4633A2447599900DE163A /* DesignCodeUITests.xctest */ = {isa = PBXFileReference; explicitFileType = wrapper.cfbundle; includeInIndex = 0; path = DesignCodeUITests.xctest; sourceTree = BUILT_PRODUCTS_DIR; };
		96E4633E2447599900DE163A /* DesignCodeUITests.swift */ = {isa = PBXFileReference; lastKnownFileType = sourcecode.swift; path = DesignCodeUITests.swift; sourceTree = "<group>"; };
		96E463402447599900DE163A /* Info.plist */ = {isa = PBXFileReference; lastKnownFileType = text.plist.xml; path = Info.plist; sourceTree = "<group>"; };
/* End PBXFileReference section */

/* Begin PBXFrameworksBuildPhase section */
		96E463162447599600DE163A /* Frameworks */ = {
			isa = PBXFrameworksBuildPhase;
			buildActionMask = 2147483647;
			files = (
			);
			runOnlyForDeploymentPostprocessing = 0;
		};
		96E4632C2447599800DE163A /* Frameworks */ = {
			isa = PBXFrameworksBuildPhase;
			buildActionMask = 2147483647;
			files = (
			);
			runOnlyForDeploymentPostprocessing = 0;
		};
		96E463372447599900DE163A /* Frameworks */ = {
			isa = PBXFrameworksBuildPhase;
			buildActionMask = 2147483647;
			files = (
			);
			runOnlyForDeploymentPostprocessing = 0;
		};
/* End PBXFrameworksBuildPhase section */

/* Begin PBXGroup section */
		96E463102447599600DE163A = {
			isa = PBXGroup;
			children = (
				96E4631B2447599600DE163A /* DesignCode */,
				96E463322447599800DE163A /* DesignCodeTests */,
				96E4633D2447599900DE163A /* DesignCodeUITests */,
				96E4631A2447599600DE163A /* Products */,
			);
			sourceTree = "<group>";
		};
		96E4631A2447599600DE163A /* Products */ = {
			isa = PBXGroup;
			children = (
				96E463192447599600DE163A /* DesignCode.app */,
				96E4632F2447599800DE163A /* DesignCodeTests.xctest */,
				96E4633A2447599900DE163A /* DesignCodeUITests.xctest */,
			);
			name = Products;
			sourceTree = "<group>";
		};
		96E4631B2447599600DE163A /* DesignCode */ = {
			isa = PBXGroup;
			children = (
				96E4631C2447599600DE163A /* AppDelegate.swift */,
				96E4631E2447599600DE163A /* SceneDelegate.swift */,
				96E463202447599600DE163A /* ContentView.swift */,
				96E463222447599800DE163A /* Assets.xcassets */,
				96E463272447599800DE163A /* LaunchScreen.storyboard */,
				96E4632A2447599800DE163A /* Info.plist */,
				96E463242447599800DE163A /* Preview Content */,
			);
			path = DesignCode;
			sourceTree = "<group>";
		};
		96E463242447599800DE163A /* Preview Content */ = {
			isa = PBXGroup;
			children = (
				96E463252447599800DE163A /* Preview Assets.xcassets */,
			);
			path = "Preview Content";
			sourceTree = "<group>";
		};
		96E463322447599800DE163A /* DesignCodeTests */ = {
			isa = PBXGroup;
			children = (
				96E463332447599800DE163A /* DesignCodeTests.swift */,
				96E463352447599800DE163A /* Info.plist */,
			);
			path = DesignCodeTests;
			sourceTree = "<group>";
		};
		96E4633D2447599900DE163A /* DesignCodeUITests */ = {
			isa = PBXGroup;
			children = (
				96E4633E2447599900DE163A /* DesignCodeUITests.swift */,
				96E463402447599900DE163A /* Info.plist */,
			);
			path = DesignCodeUITests;
			sourceTree = "<group>";
		};
/* End PBXGroup section */

/* Begin PBXNativeTarget section */
		96E463182447599600DE163A /* DesignCode */ = {
			isa = PBXNativeTarget;
			buildConfigurationList = 96E463432447599900DE163A /* Build configuration list for PBXNativeTarget "DesignCode" */;
			buildPhases = (
				96E463152447599600DE163A /* Sources */,
				96E463162447599600DE163A /* Frameworks */,
				96E463172447599600DE163A /* Resources */,
			);
			buildRules = (
			);
			dependencies = (
			);
			name = DesignCode;
			productName = DesignCode;
			productReference = 96E463192447599600DE163A /* DesignCode.app */;
			productType = "com.apple.product-type.application";
		};
		96E4632E2447599800DE163A /* DesignCodeTests */ = {
			isa = PBXNativeTarget;
			buildConfigurationList = 96E463462447599900DE163A /* Build configuration list for PBXNativeTarget "DesignCodeTests" */;
			buildPhases = (
				96E4632B2447599800DE163A /* Sources */,
				96E4632C2447599800DE163A /* Frameworks */,
				96E4632D2447599800DE163A /* Resources */,
			);
			buildRules = (
			);
			dependencies = (
				96E463312447599800DE163A /* PBXTargetDependency */,
			);
			name = DesignCodeTests;
			productName = DesignCodeTests;
			productReference = 96E4632F2447599800DE163A /* DesignCodeTests.xctest */;
			productType = "com.apple.product-type.bundle.unit-test";
		};
		96E463392447599900DE163A /* DesignCodeUITests */ = {
			isa = PBXNativeTarget;
			buildConfigurationList = 96E463492447599900DE163A /* Build configuration list for PBXNativeTarget "DesignCodeUITests" */;
			buildPhases = (
				96E463362447599900DE163A /* Sources */,
				96E463372447599900DE163A /* Frameworks */,
				96E463382447599900DE163A /* Resources */,
			);
			buildRules = (
			);
			dependencies = (
				96E4633C2447599900DE163A /* PBXTargetDependency */,
			);
			name = DesignCodeUITests;
			productName = DesignCodeUITests;
			productReference = 96E4633A2447599900DE163A /* DesignCodeUITests.xctest */;
			productType = "com.apple.product-type.bundle.ui-testing";
		};
/* End PBXNativeTarget section */

/* Begin PBXProject section */
		96E463112447599600DE163A /* Project object */ = {
			isa = PBXProject;
			attributes = {
				LastSwiftUpdateCheck = 1100;
				LastUpgradeCheck = 1100;
				ORGANIZATIONNAME = "David Nguyen";
				TargetAttributes = {
					96E463182447599600DE163A = {
						CreatedOnToolsVersion = 11.0;
					};
					96E4632E2447599800DE163A = {
						CreatedOnToolsVersion = 11.0;
						TestTargetID = 96E463182447599600DE163A;
					};
					96E463392447599900DE163A = {
						CreatedOnToolsVersion = 11.0;
						TestTargetID = 96E463182447599600DE163A;
					};
				};
			};
			buildConfigurationList = 96E463142447599600DE163A /* Build configuration list for PBXProject "DesignCode" */;
			compatibilityVersion = "Xcode 9.3";
			developmentRegion = en;
			hasScannedForEncodings = 0;
			knownRegions = (
				en,
				Base,
			);
			mainGroup = 96E463102447599600DE163A;
			productRefGroup = 96E4631A2447599600DE163A /* Products */;
			projectDirPath = "";
			projectRoot = "";
			targets = (
				96E463182447599600DE163A /* DesignCode */,
				96E4632E2447599800DE163A /* DesignCodeTests */,
				96E463392447599900DE163A /* DesignCodeUITests */,
			);
		};
/* End PBXProject section */

/* Begin PBXResourcesBuildPhase section */
		96E463172447599600DE163A /* Resources */ = {
			isa = PBXResourcesBuildPhase;
			buildActionMask = 2147483647;
			files = (
				96E463292447599800DE163A /* LaunchScreen.storyboard in Resources */,
				96E463262447599800DE163A /* Preview Assets.xcassets in Resources */,
				96E463232447599800DE163A /* Assets.xcassets in Resources */,
			);
			runOnlyForDeploymentPostprocessing = 0;
		};
		96E4632D2447599800DE163A /* Resources */ = {
			isa = PBXResourcesBuildPhase;
			buildActionMask = 2147483647;
			files = (
			);
			runOnlyForDeploymentPostprocessing = 0;
		};
		96E463382447599900DE163A /* Resources */ = {
			isa = PBXResourcesBuildPhase;
			buildActionMask = 2147483647;
			files = (
			);
			runOnlyForDeploymentPostprocessing = 0;
		};
/* End PBXResourcesBuildPhase section */

/* Begin PBXSourcesBuildPhase section */
		96E463152447599600DE163A /* Sources */ = {
			isa = PBXSourcesBuildPhase;
			buildActionMask = 2147483647;
			files = (
				96E4631D2447599600DE163A /* AppDelegate.swift in Sources */,
				96E4631F2447599600DE163A /* SceneDelegate.swift in Sources */,
				96E463212447599600DE163A /* ContentView.swift in Sources */,
			);
			runOnlyForDeploymentPostprocessing = 0;
		};
		96E4632B2447599800DE163A /* Sources */ = {
			isa = PBXSourcesBuildPhase;
			buildActionMask = 2147483647;
			files = (
				96E463342447599800DE163A /* DesignCodeTests.swift in Sources */,
			);
			runOnlyForDeploymentPostprocessing = 0;
		};
		96E463362447599900DE163A /* Sources */ = {
			isa = PBXSourcesBuildPhase;
			buildActionMask = 2147483647;
			files = (
				96E4633F2447599900DE163A /* DesignCodeUITests.swift in Sources */,
			);
			runOnlyForDeploymentPostprocessing = 0;
		};
/* End PBXSourcesBuildPhase section */

/* Begin PBXTargetDependency section */
		96E463312447599800DE163A /* PBXTargetDependency */ = {
			isa = PBXTargetDependency;
			target = 96E463182447599600DE163A /* DesignCode */;
			targetProxy = 96E463302447599800DE163A /* PBXContainerItemProxy */;
		};
		96E4633C2447599900DE163A /* PBXTargetDependency */ = {
			isa = PBXTargetDependency;
			target = 96E463182447599600DE163A /* DesignCode */;
			targetProxy = 96E4633B2447599900DE163A /* PBXContainerItemProxy */;
		};
/* End PBXTargetDependency section */

/* Begin PBXVariantGroup section */
		96E463272447599800DE163A /* LaunchScreen.storyboard */ = {
			isa = PBXVariantGroup;
			children = (
				96E463282447599800DE163A /* Base */,
			);
			name = LaunchScreen.storyboard;
			sourceTree = "<group>";
		};
/* End PBXVariantGroup section */

/* Begin XCBuildConfiguration section */
		96E463412447599900DE163A /* Debug */ = {
			isa = XCBuildConfiguration;
			buildSettings = {
				ALWAYS_SEARCH_USER_PATHS = NO;
				CLANG_ANALYZER_NONNULL = YES;
				CLANG_ANALYZER_NUMBER_OBJECT_CONVERSION = YES_AGGRESSIVE;
				CLANG_CXX_LANGUAGE_STANDARD = "gnu++14";
				CLANG_CXX_LIBRARY = "libc++";
				CLANG_ENABLE_MODULES = YES;
				CLANG_ENABLE_OBJC_ARC = YES;
				CLANG_ENABLE_OBJC_WEAK = YES;
				CLANG_WARN_BLOCK_CAPTURE_AUTORELEASING = YES;
				CLANG_WARN_BOOL_CONVERSION = YES;
				CLANG_WARN_COMMA = YES;
				CLANG_WARN_CONSTANT_CONVERSION = YES;
				CLANG_WARN_DEPRECATED_OBJC_IMPLEMENTATIONS = YES;
				CLANG_WARN_DIRECT_OBJC_ISA_USAGE = YES_ERROR;
				CLANG_WARN_DOCUMENTATION_COMMENTS = YES;
				CLANG_WARN_EMPTY_BODY = YES;
				CLANG_WARN_ENUM_CONVERSION = YES;
				CLANG_WARN_INFINITE_RECURSION = YES;
				CLANG_WARN_INT_CONVERSION = YES;
				CLANG_WARN_NON_LITERAL_NULL_CONVERSION = YES;
				CLANG_WARN_OBJC_IMPLICIT_RETAIN_SELF = YES;
				CLANG_WARN_OBJC_LITERAL_CONVERSION = YES;
				CLANG_WARN_OBJC_ROOT_CLASS = YES_ERROR;
				CLANG_WARN_RANGE_LOOP_ANALYSIS = YES;
				CLANG_WARN_STRICT_PROTOTYPES = YES;
				CLANG_WARN_SUSPICIOUS_MOVE = YES;
				CLANG_WARN_UNGUARDED_AVAILABILITY = YES_AGGRESSIVE;
				CLANG_WARN_UNREACHABLE_CODE = YES;
				CLANG_WARN__DUPLICATE_METHOD_MATCH = YES;
				COPY_PHASE_STRIP = NO;
				DEBUG_INFORMATION_FORMAT = dwarf;
				ENABLE_STRICT_OBJC_MSGSEND = YES;
				ENABLE_TESTABILITY = YES;
				GCC_C_LANGUAGE_STANDARD = gnu11;
				GCC_DYNAMIC_NO_PIC = NO;
				GCC_NO_COMMON_BLOCKS = YES;
				GCC_OPTIMIZATION_LEVEL = 0;
				GCC_PREPROCESSOR_DEFINITIONS = (
					"DEBUG=1",
					"$(inherited)",
				);
				GCC_WARN_64_TO_32_BIT_CONVERSION = YES;
				GCC_WARN_ABOUT_RETURN_TYPE = YES_ERROR;
				GCC_WARN_UNDECLARED_SELECTOR = YES;
				GCC_WARN_UNINITIALIZED_AUTOS = YES_AGGRESSIVE;
				GCC_WARN_UNUSED_FUNCTION = YES;
				GCC_WARN_UNUSED_VARIABLE = YES;
				IPHONEOS_DEPLOYMENT_TARGET = 13.0;
				MTL_ENABLE_DEBUG_INFO = INCLUDE_SOURCE;
				MTL_FAST_MATH = YES;
				ONLY_ACTIVE_ARCH = YES;
				SDKROOT = iphoneos;
				SWIFT_ACTIVE_COMPILATION_CONDITIONS = DEBUG;
				SWIFT_OPTIMIZATION_LEVEL = "-Onone";
			};
			name = Debug;
		};
		96E463422447599900DE163A /* Release */ = {
			isa = XCBuildConfiguration;
			buildSettings = {
				ALWAYS_SEARCH_USER_PATHS = NO;
				CLANG_ANALYZER_NONNULL = YES;
				CLANG_ANALYZER_NUMBER_OBJECT_CONVERSION = YES_AGGRESSIVE;
				CLANG_CXX_LANGUAGE_STANDARD = "gnu++14";
				CLANG_CXX_LIBRARY = "libc++";
				CLANG_ENABLE_MODULES = YES;
				CLANG_ENABLE_OBJC_ARC = YES;
				CLANG_ENABLE_OBJC_WEAK = YES;
				CLANG_WARN_BLOCK_CAPTURE_AUTORELEASING = YES;
				CLANG_WARN_BOOL_CONVERSION = YES;
				CLANG_WARN_COMMA = YES;
				CLANG_WARN_CONSTANT_CONVERSION = YES;
				CLANG_WARN_DEPRECATED_OBJC_IMPLEMENTATIONS = YES;
				CLANG_WARN_DIRECT_OBJC_ISA_USAGE = YES_ERROR;
				CLANG_WARN_DOCUMENTATION_COMMENTS = YES;
				CLANG_WARN_EMPTY_BODY = YES;
				CLANG_WARN_ENUM_CONVERSION = YES;
				CLANG_WARN_INFINITE_RECURSION = YES;
				CLANG_WARN_INT_CONVERSION = YES;
				CLANG_WARN_NON_LITERAL_NULL_CONVERSION = YES;
				CLANG_WARN_OBJC_IMPLICIT_RETAIN_SELF = YES;
				CLANG_WARN_OBJC_LITERAL_CONVERSION = YES;
				CLANG_WARN_OBJC_ROOT_CLASS = YES_ERROR;
				CLANG_WARN_RANGE_LOOP_ANALYSIS = YES;
				CLANG_WARN_STRICT_PROTOTYPES = YES;
				CLANG_WARN_SUSPICIOUS_MOVE = YES;
				CLANG_WARN_UNGUARDED_AVAILABILITY = YES_AGGRESSIVE;
				CLANG_WARN_UNREACHABLE_CODE = YES;
				CLANG_WARN__DUPLICATE_METHOD_MATCH = YES;
				COPY_PHASE_STRIP = NO;
				DEBUG_INFORMATION_FORMAT = "dwarf-with-dsym";
				ENABLE_NS_ASSERTIONS = NO;
				ENABLE_STRICT_OBJC_MSGSEND = YES;
				GCC_C_LANGUAGE_STANDARD = gnu11;
				GCC_NO_COMMON_BLOCKS = YES;
				GCC_WARN_64_TO_32_BIT_CONVERSION = YES;
				GCC_WARN_ABOUT_RETURN_TYPE = YES_ERROR;
				GCC_WARN_UNDECLARED_SELECTOR = YES;
				GCC_WARN_UNINITIALIZED_AUTOS = YES_AGGRESSIVE;
				GCC_WARN_UNUSED_FUNCTION = YES;
				GCC_WARN_UNUSED_VARIABLE = YES;
				IPHONEOS_DEPLOYMENT_TARGET = 13.0;
				MTL_ENABLE_DEBUG_INFO = NO;
				MTL_FAST_MATH = YES;
				SDKROOT = iphoneos;
				SWIFT_COMPILATION_MODE = wholemodule;
				SWIFT_OPTIMIZATION_LEVEL = "-O";
				VALIDATE_PRODUCT = YES;
			};
			name = Release;
		};
		96E463442447599900DE163A /* Debug */ = {
			isa = XCBuildConfiguration;
			buildSettings = {
				ASSETCATALOG_COMPILER_APPICON_NAME = AppIcon;
				CODE_SIGN_STYLE = Automatic;
				DEVELOPMENT_ASSET_PATHS = "\"DesignCode/Preview Content\"";
				ENABLE_PREVIEWS = YES;
				INFOPLIST_FILE = DesignCode/Info.plist;
				LD_RUNPATH_SEARCH_PATHS = (
					"$(inherited)",
					"@executable_path/Frameworks",
				);
				PRODUCT_BUNDLE_IDENTIFIER = com.davidnguyyen.DesignCode;
				PRODUCT_NAME = "$(TARGET_NAME)";
				SWIFT_VERSION = 5.0;
				TARGETED_DEVICE_FAMILY = "1,2";
			};
			name = Debug;
		};
		96E463452447599900DE163A /* Release */ = {
			isa = XCBuildConfiguration;
			buildSettings = {
				ASSETCATALOG_COMPILER_APPICON_NAME = AppIcon;
				CODE_SIGN_STYLE = Automatic;
				DEVELOPMENT_ASSET_PATHS = "\"DesignCode/Preview Content\"";
				ENABLE_PREVIEWS = YES;
				INFOPLIST_FILE = DesignCode/Info.plist;
				LD_RUNPATH_SEARCH_PATHS = (
					"$(inherited)",
					"@executable_path/Frameworks",
				);
				PRODUCT_BUNDLE_IDENTIFIER = com.davidnguyyen.DesignCode;
				PRODUCT_NAME = "$(TARGET_NAME)";
				SWIFT_VERSION = 5.0;
				TARGETED_DEVICE_FAMILY = "1,2";
			};
			name = Release;
		};
		96E463472447599900DE163A /* Debug */ = {
			isa = XCBuildConfiguration;
			buildSettings = {
				ALWAYS_EMBED_SWIFT_STANDARD_LIBRARIES = YES;
				BUNDLE_LOADER = "$(TEST_HOST)";
				CODE_SIGN_STYLE = Automatic;
				INFOPLIST_FILE = DesignCodeTests/Info.plist;
				IPHONEOS_DEPLOYMENT_TARGET = 13.0;
				LD_RUNPATH_SEARCH_PATHS = (
					"$(inherited)",
					"@executable_path/Frameworks",
					"@loader_path/Frameworks",
				);
				PRODUCT_BUNDLE_IDENTIFIER = com.davidnguyyen.DesignCodeTests;
				PRODUCT_NAME = "$(TARGET_NAME)";
				SWIFT_VERSION = 5.0;
				TARGETED_DEVICE_FAMILY = "1,2";
				TEST_HOST = "$(BUILT_PRODUCTS_DIR)/DesignCode.app/DesignCode";
			};
			name = Debug;
		};
		96E463482447599900DE163A /* Release */ = {
			isa = XCBuildConfiguration;
			buildSettings = {
				ALWAYS_EMBED_SWIFT_STANDARD_LIBRARIES = YES;
				BUNDLE_LOADER = "$(TEST_HOST)";
				CODE_SIGN_STYLE = Automatic;
				INFOPLIST_FILE = DesignCodeTests/Info.plist;
				IPHONEOS_DEPLOYMENT_TARGET = 13.0;
				LD_RUNPATH_SEARCH_PATHS = (
					"$(inherited)",
					"@executable_path/Frameworks",
					"@loader_path/Frameworks",
				);
				PRODUCT_BUNDLE_IDENTIFIER = com.davidnguyyen.DesignCodeTests;
				PRODUCT_NAME = "$(TARGET_NAME)";
				SWIFT_VERSION = 5.0;
				TARGETED_DEVICE_FAMILY = "1,2";
				TEST_HOST = "$(BUILT_PRODUCTS_DIR)/DesignCode.app/DesignCode";
			};
			name = Release;
		};
		96E4634A2447599900DE163A /* Debug */ = {
			isa = XCBuildConfiguration;
			buildSettings = {
				ALWAYS_EMBED_SWIFT_STANDARD_LIBRARIES = YES;
				CODE_SIGN_STYLE = Automatic;
				INFOPLIST_FILE = DesignCodeUITests/Info.plist;
				LD_RUNPATH_SEARCH_PATHS = (
					"$(inherited)",
					"@executable_path/Frameworks",
					"@loader_path/Frameworks",
				);
				PRODUCT_BUNDLE_IDENTIFIER = com.davidnguyyen.DesignCodeUITests;
				PRODUCT_NAME = "$(TARGET_NAME)";
				SWIFT_VERSION = 5.0;
				TARGETED_DEVICE_FAMILY = "1,2";
				TEST_TARGET_NAME = DesignCode;
			};
			name = Debug;
		};
		96E4634B2447599900DE163A /* Release */ = {
			isa = XCBuildConfiguration;
			buildSettings = {
				ALWAYS_EMBED_SWIFT_STANDARD_LIBRARIES = YES;
				CODE_SIGN_STYLE = Automatic;
				INFOPLIST_FILE = DesignCodeUITests/Info.plist;
				LD_RUNPATH_SEARCH_PATHS = (
					"$(inherited)",
					"@executable_path/Frameworks",
					"@loader_path/Frameworks",
				);
				PRODUCT_BUNDLE_IDENTIFIER = com.davidnguyyen.DesignCodeUITests;
				PRODUCT_NAME = "$(TARGET_NAME)";
				SWIFT_VERSION = 5.0;
				TARGETED_DEVICE_FAMILY = "1,2";
				TEST_TARGET_NAME = DesignCode;
			};
			name = Release;
		};
/* End XCBuildConfiguration section */

/* Begin XCConfigurationList section */
		96E463142447599600DE163A /* Build configuration list for PBXProject "DesignCode" */ = {
			isa = XCConfigurationList;
			buildConfigurations = (
				96E463412447599900DE163A /* Debug */,
				96E463422447599900DE163A /* Release */,
			);
			defaultConfigurationIsVisible = 0;
			defaultConfigurationName = Release;
		};
		96E463432447599900DE163A /* Build configuration list for PBXNativeTarget "DesignCode" */ = {
			isa = XCConfigurationList;
			buildConfigurations = (
				96E463442447599900DE163A /* Debug */,
				96E463452447599900DE163A /* Release */,
			);
			defaultConfigurationIsVisible = 0;
			defaultConfigurationName = Release;
		};
		96E463462447599900DE163A /* Build configuration list for PBXNativeTarget "DesignCodeTests" */ = {
			isa = XCConfigurationList;
			buildConfigurations = (
				96E463472447599900DE163A /* Debug */,
				96E463482447599900DE163A /* Release */,
			);
			defaultConfigurationIsVisible = 0;
			defaultConfigurationName = Release;
		};
		96E463492447599900DE163A /* Build configuration list for PBXNativeTarget "DesignCodeUITests" */ = {
			isa = XCConfigurationList;
			buildConfigurations = (
				96E4634A2447599900DE163A /* Debug */,
				96E4634B2447599900DE163A /* Release */,
			);
			defaultConfigurationIsVisible = 0;
			defaultConfigurationName = Release;
		};
/* End XCConfigurationList section */
	};
	rootObject = 96E463112447599600DE163A /* Project object */;
}
